// !$*UTF8*$!
{
	archiveVersion = 1;
	classes = {
	};
	objectVersion = 56;
	objects = {

/* Begin PBXBuildFile section */
		A1F0CA81F8D51F1B1AC4683C /* Pods_ModuleA.framework in Frameworks */ = {isa = PBXBuildFile; fileRef = 03F8037D9704C8436F3E18D5 /* Pods_ModuleA.framework */; };
		B9AD31582B90CDCE006DE87D /* ModuleA.docc in Sources */ = {isa = PBXBuildFile; fileRef = B9AD31572B90CDCE006DE87D /* ModuleA.docc */; };
		B9AD315E2B90CDCE006DE87D /* ModuleA.framework in Frameworks */ = {isa = PBXBuildFile; fileRef = B9AD31532B90CDCE006DE87D /* ModuleA.framework */; };
		B9AD31632B90CDCE006DE87D /* ModuleATests.swift in Sources */ = {isa = PBXBuildFile; fileRef = B9AD31622B90CDCE006DE87D /* ModuleATests.swift */; };
		B9AD31642B90CDCE006DE87D /* ModuleA.h in Headers */ = {isa = PBXBuildFile; fileRef = B9AD31562B90CDCE006DE87D /* ModuleA.h */; settings = {ATTRIBUTES = (Public, ); }; };
		B9AD31722B90D949006DE87D /* ModuleA.swift in Sources */ = {isa = PBXBuildFile; fileRef = B9AD31712B90D949006DE87D /* ModuleA.swift */; };
		DA6A8BEA7CFD6D0E028F38D0 /* Pods_ModuleA_ModuleATests.framework in Frameworks */ = {isa = PBXBuildFile; fileRef = 88BCBF0614925A8471CD5323 /* Pods_ModuleA_ModuleATests.framework */; };
/* End PBXBuildFile section */

/* Begin PBXContainerItemProxy section */
		B9AD315F2B90CDCE006DE87D /* PBXContainerItemProxy */ = {
			isa = PBXContainerItemProxy;
			containerPortal = B9AD314A2B90CDCE006DE87D /* Project object */;
			proxyType = 1;
			remoteGlobalIDString = B9AD31522B90CDCE006DE87D;
			remoteInfo = ModuleA;
		};
/* End PBXContainerItemProxy section */

/* Begin PBXFileReference section */
		03F8037D9704C8436F3E18D5 /* Pods_ModuleA.framework */ = {isa = PBXFileReference; explicitFileType = wrapper.framework; includeInIndex = 0; path = Pods_ModuleA.framework; sourceTree = BUILT_PRODUCTS_DIR; };
		6E9A64720EF1D4A1035F17AF /* Pods-ModuleA-ModuleATests.release.xcconfig */ = {isa = PBXFileReference; includeInIndex = 1; lastKnownFileType = text.xcconfig; name = "Pods-ModuleA-ModuleATests.release.xcconfig"; path = "Target Support Files/Pods-ModuleA-ModuleATests/Pods-ModuleA-ModuleATests.release.xcconfig"; sourceTree = "<group>"; };
		88BCBF0614925A8471CD5323 /* Pods_ModuleA_ModuleATests.framework */ = {isa = PBXFileReference; explicitFileType = wrapper.framework; includeInIndex = 0; path = Pods_ModuleA_ModuleATests.framework; sourceTree = BUILT_PRODUCTS_DIR; };
		A9FB146A05B28522F73ED69C /* Pods-ModuleA-ModuleATests.debug.xcconfig */ = {isa = PBXFileReference; includeInIndex = 1; lastKnownFileType = text.xcconfig; name = "Pods-ModuleA-ModuleATests.debug.xcconfig"; path = "Target Support Files/Pods-ModuleA-ModuleATests/Pods-ModuleA-ModuleATests.debug.xcconfig"; sourceTree = "<group>"; };
		B9AD31532B90CDCE006DE87D /* ModuleA.framework */ = {isa = PBXFileReference; explicitFileType = wrapper.framework; includeInIndex = 0; path = ModuleA.framework; sourceTree = BUILT_PRODUCTS_DIR; };
		B9AD31562B90CDCE006DE87D /* ModuleA.h */ = {isa = PBXFileReference; lastKnownFileType = sourcecode.c.h; path = ModuleA.h; sourceTree = "<group>"; };
		B9AD31572B90CDCE006DE87D /* ModuleA.docc */ = {isa = PBXFileReference; lastKnownFileType = folder.documentationcatalog; path = ModuleA.docc; sourceTree = "<group>"; };
		B9AD315D2B90CDCE006DE87D /* ModuleATests.xctest */ = {isa = PBXFileReference; explicitFileType = wrapper.cfbundle; includeInIndex = 0; path = ModuleATests.xctest; sourceTree = BUILT_PRODUCTS_DIR; };
		B9AD31622B90CDCE006DE87D /* ModuleATests.swift */ = {isa = PBXFileReference; lastKnownFileType = sourcecode.swift; path = ModuleATests.swift; sourceTree = "<group>"; };
		B9AD31712B90D949006DE87D /* ModuleA.swift */ = {isa = PBXFileReference; lastKnownFileType = sourcecode.swift; path = ModuleA.swift; sourceTree = "<group>"; };
		C8AC4F7412BB7A13B0806685 /* Pods-ModuleA.release.xcconfig */ = {isa = PBXFileReference; includeInIndex = 1; lastKnownFileType = text.xcconfig; name = "Pods-ModuleA.release.xcconfig"; path = "Target Support Files/Pods-ModuleA/Pods-ModuleA.release.xcconfig"; sourceTree = "<group>"; };
		D193DF0F3C5BEA35BFC70A00 /* Pods-ModuleA.debug.xcconfig */ = {isa = PBXFileReference; includeInIndex = 1; lastKnownFileType = text.xcconfig; name = "Pods-ModuleA.debug.xcconfig"; path = "Target Support Files/Pods-ModuleA/Pods-ModuleA.debug.xcconfig"; sourceTree = "<group>"; };
/* End PBXFileReference section */

/* Begin PBXFrameworksBuildPhase section */
		B9AD31502B90CDCE006DE87D /* Frameworks */ = {
			isa = PBXFrameworksBuildPhase;
			buildActionMask = 2147483647;
			files = (
				A1F0CA81F8D51F1B1AC4683C /* Pods_ModuleA.framework in Frameworks */,
			);
			runOnlyForDeploymentPostprocessing = 0;
		};
		B9AD315A2B90CDCE006DE87D /* Frameworks */ = {
			isa = PBXFrameworksBuildPhase;
			buildActionMask = 2147483647;
			files = (
				B9AD315E2B90CDCE006DE87D /* ModuleA.framework in Frameworks */,
				DA6A8BEA7CFD6D0E028F38D0 /* Pods_ModuleA_ModuleATests.framework in Frameworks */,
			);
			runOnlyForDeploymentPostprocessing = 0;
		};
/* End PBXFrameworksBuildPhase section */

/* Begin PBXGroup section */
		84FDA0AB8FE8A10B83230335 /* Frameworks */ = {
			isa = PBXGroup;
			children = (
				03F8037D9704C8436F3E18D5 /* Pods_ModuleA.framework */,
				88BCBF0614925A8471CD5323 /* Pods_ModuleA_ModuleATests.framework */,
			);
			name = Frameworks;
			sourceTree = "<group>";
		};
		A24E9EA5447A6E3EC731EC93 /* Pods */ = {
			isa = PBXGroup;
			children = (
				D193DF0F3C5BEA35BFC70A00 /* Pods-ModuleA.debug.xcconfig */,
				C8AC4F7412BB7A13B0806685 /* Pods-ModuleA.release.xcconfig */,
				A9FB146A05B28522F73ED69C /* Pods-ModuleA-ModuleATests.debug.xcconfig */,
				6E9A64720EF1D4A1035F17AF /* Pods-ModuleA-ModuleATests.release.xcconfig */,
			);
			path = Pods;
			sourceTree = "<group>";
		};
		B9AD31492B90CDCE006DE87D = {
			isa = PBXGroup;
			children = (
				B9AD31552B90CDCE006DE87D /* ModuleA */,
				B9AD31612B90CDCE006DE87D /* ModuleATests */,
				B9AD31542B90CDCE006DE87D /* Products */,
				A24E9EA5447A6E3EC731EC93 /* Pods */,
				84FDA0AB8FE8A10B83230335 /* Frameworks */,
			);
			sourceTree = "<group>";
		};
		B9AD31542B90CDCE006DE87D /* Products */ = {
			isa = PBXGroup;
			children = (
				B9AD31532B90CDCE006DE87D /* ModuleA.framework */,
				B9AD315D2B90CDCE006DE87D /* ModuleATests.xctest */,
			);
			name = Products;
			sourceTree = "<group>";
		};
		B9AD31552B90CDCE006DE87D /* ModuleA */ = {
			isa = PBXGroup;
			children = (
				B9AD31562B90CDCE006DE87D /* ModuleA.h */,
				B9AD31572B90CDCE006DE87D /* ModuleA.docc */,
				B9AD31712B90D949006DE87D /* ModuleA.swift */,
			);
			path = ModuleA;
			sourceTree = "<group>";
		};
		B9AD31612B90CDCE006DE87D /* ModuleATests */ = {
			isa = PBXGroup;
			children = (
				B9AD31622B90CDCE006DE87D /* ModuleATests.swift */,
			);
			path = ModuleATests;
			sourceTree = "<group>";
		};
/* End PBXGroup section */

/* Begin PBXHeadersBuildPhase section */
		B9AD314E2B90CDCE006DE87D /* Headers */ = {
			isa = PBXHeadersBuildPhase;
			buildActionMask = 2147483647;
			files = (
				B9AD31642B90CDCE006DE87D /* ModuleA.h in Headers */,
			);
			runOnlyForDeploymentPostprocessing = 0;
		};
/* End PBXHeadersBuildPhase section */

/* Begin PBXNativeTarget section */
		B9AD31522B90CDCE006DE87D /* ModuleA */ = {
			isa = PBXNativeTarget;
			buildConfigurationList = B9AD31672B90CDCE006DE87D /* Build configuration list for PBXNativeTarget "ModuleA" */;
			buildPhases = (
				C57A1920A60FE329CA78BFF7 /* [CP] Check Pods Manifest.lock */,
				B9AD314E2B90CDCE006DE87D /* Headers */,
				B9AD314F2B90CDCE006DE87D /* Sources */,
				B9AD31502B90CDCE006DE87D /* Frameworks */,
				B9AD31512B90CDCE006DE87D /* Resources */,
				66EDEAE8BD58B0933CF46467 /* [CP] Copy Pods Resources */,
			);
			buildRules = (
			);
			dependencies = (
			);
			name = ModuleA;
			productName = ModuleA;
			productReference = B9AD31532B90CDCE006DE87D /* ModuleA.framework */;
			productType = "com.apple.product-type.framework";
		};
		B9AD315C2B90CDCE006DE87D /* ModuleATests */ = {
			isa = PBXNativeTarget;
			buildConfigurationList = B9AD316A2B90CDCE006DE87D /* Build configuration list for PBXNativeTarget "ModuleATests" */;
			buildPhases = (
				B749E3C54796288181D50708 /* [CP] Check Pods Manifest.lock */,
				B9AD31592B90CDCE006DE87D /* Sources */,
				B9AD315A2B90CDCE006DE87D /* Frameworks */,
				B9AD315B2B90CDCE006DE87D /* Resources */,
				BD6D84CEACCC99305496C080 /* [CP] Copy Pods Resources */,
			);
			buildRules = (
			);
			dependencies = (
				B9AD31602B90CDCE006DE87D /* PBXTargetDependency */,
			);
			name = ModuleATests;
			productName = ModuleATests;
			productReference = B9AD315D2B90CDCE006DE87D /* ModuleATests.xctest */;
			productType = "com.apple.product-type.bundle.unit-test";
		};
/* End PBXNativeTarget section */

/* Begin PBXProject section */
		B9AD314A2B90CDCE006DE87D /* Project object */ = {
			isa = PBXProject;
			attributes = {
				BuildIndependentTargetsInParallel = 1;
				LastSwiftUpdateCheck = 1520;
				LastUpgradeCheck = 1520;
				TargetAttributes = {
					B9AD31522B90CDCE006DE87D = {
						CreatedOnToolsVersion = 15.2;
					};
					B9AD315C2B90CDCE006DE87D = {
						CreatedOnToolsVersion = 15.2;
					};
				};
			};
			buildConfigurationList = B9AD314D2B90CDCE006DE87D /* Build configuration list for PBXProject "ModuleA" */;
			compatibilityVersion = "Xcode 14.0";
			developmentRegion = en;
			hasScannedForEncodings = 0;
			knownRegions = (
				en,
				Base,
			);
			mainGroup = B9AD31492B90CDCE006DE87D;
			productRefGroup = B9AD31542B90CDCE006DE87D /* Products */;
			projectDirPath = "";
			projectRoot = "";
			targets = (
				B9AD31522B90CDCE006DE87D /* ModuleA */,
				B9AD315C2B90CDCE006DE87D /* ModuleATests */,
			);
		};
/* End PBXProject section */

/* Begin PBXResourcesBuildPhase section */
		B9AD31512B90CDCE006DE87D /* Resources */ = {
			isa = PBXResourcesBuildPhase;
			buildActionMask = 2147483647;
			files = (
			);
			runOnlyForDeploymentPostprocessing = 0;
		};
		B9AD315B2B90CDCE006DE87D /* Resources */ = {
			isa = PBXResourcesBuildPhase;
			buildActionMask = 2147483647;
			files = (
			);
			runOnlyForDeploymentPostprocessing = 0;
		};
/* End PBXResourcesBuildPhase section */

/* Begin PBXShellScriptBuildPhase section */
		66EDEAE8BD58B0933CF46467 /* [CP] Copy Pods Resources */ = {
			isa = PBXShellScriptBuildPhase;
			buildActionMask = 2147483647;
			files = (
			);
			inputFileListPaths = (
				"${PODS_ROOT}/Target Support Files/Pods-ModuleA/Pods-ModuleA-resources-${CONFIGURATION}-input-files.xcfilelist",
			);
			name = "[CP] Copy Pods Resources";
			outputFileListPaths = (
				"${PODS_ROOT}/Target Support Files/Pods-ModuleA/Pods-ModuleA-resources-${CONFIGURATION}-output-files.xcfilelist",
			);
			runOnlyForDeploymentPostprocessing = 0;
			shellPath = /bin/sh;
			shellScript = "\"${PODS_ROOT}/Target Support Files/Pods-ModuleA/Pods-ModuleA-resources.sh\"\n";
			showEnvVarsInLog = 0;
		};
		B749E3C54796288181D50708 /* [CP] Check Pods Manifest.lock */ = {
			isa = PBXShellScriptBuildPhase;
			buildActionMask = 2147483647;
			files = (
			);
			inputFileListPaths = (
			);
			inputPaths = (
				"${PODS_PODFILE_DIR_PATH}/Podfile.lock",
				"${PODS_ROOT}/Manifest.lock",
			);
			name = "[CP] Check Pods Manifest.lock";
			outputFileListPaths = (
			);
			outputPaths = (
				"$(DERIVED_FILE_DIR)/Pods-ModuleA-ModuleATests-checkManifestLockResult.txt",
			);
			runOnlyForDeploymentPostprocessing = 0;
			shellPath = /bin/sh;
			shellScript = "diff \"${PODS_PODFILE_DIR_PATH}/Podfile.lock\" \"${PODS_ROOT}/Manifest.lock\" > /dev/null\nif [ $? != 0 ] ; then\n    # print error to STDERR\n    echo \"error: The sandbox is not in sync with the Podfile.lock. Run 'pod install' or update your CocoaPods installation.\" >&2\n    exit 1\nfi\n# This output is used by Xcode 'outputs' to avoid re-running this script phase.\necho \"SUCCESS\" > \"${SCRIPT_OUTPUT_FILE_0}\"\n";
			showEnvVarsInLog = 0;
		};
		BD6D84CEACCC99305496C080 /* [CP] Copy Pods Resources */ = {
			isa = PBXShellScriptBuildPhase;
			buildActionMask = 2147483647;
			files = (
			);
			inputFileListPaths = (
				"${PODS_ROOT}/Target Support Files/Pods-ModuleA-ModuleATests/Pods-ModuleA-ModuleATests-resources-${CONFIGURATION}-input-files.xcfilelist",
			);
			name = "[CP] Copy Pods Resources";
			outputFileListPaths = (
				"${PODS_ROOT}/Target Support Files/Pods-ModuleA-ModuleATests/Pods-ModuleA-ModuleATests-resources-${CONFIGURATION}-output-files.xcfilelist",
			);
			runOnlyForDeploymentPostprocessing = 0;
			shellPath = /bin/sh;
			shellScript = "\"${PODS_ROOT}/Target Support Files/Pods-ModuleA-ModuleATests/Pods-ModuleA-ModuleATests-resources.sh\"\n";
			showEnvVarsInLog = 0;
		};
		C57A1920A60FE329CA78BFF7 /* [CP] Check Pods Manifest.lock */ = {
			isa = PBXShellScriptBuildPhase;
			buildActionMask = 2147483647;
			files = (
			);
			inputFileListPaths = (
			);
			inputPaths = (
				"${PODS_PODFILE_DIR_PATH}/Podfile.lock",
				"${PODS_ROOT}/Manifest.lock",
			);
			name = "[CP] Check Pods Manifest.lock";
			outputFileListPaths = (
			);
			outputPaths = (
				"$(DERIVED_FILE_DIR)/Pods-ModuleA-checkManifestLockResult.txt",
			);
			runOnlyForDeploymentPostprocessing = 0;
			shellPath = /bin/sh;
			shellScript = "diff \"${PODS_PODFILE_DIR_PATH}/Podfile.lock\" \"${PODS_ROOT}/Manifest.lock\" > /dev/null\nif [ $? != 0 ] ; then\n    # print error to STDERR\n    echo \"error: The sandbox is not in sync with the Podfile.lock. Run 'pod install' or update your CocoaPods installation.\" >&2\n    exit 1\nfi\n# This output is used by Xcode 'outputs' to avoid re-running this script phase.\necho \"SUCCESS\" > \"${SCRIPT_OUTPUT_FILE_0}\"\n";
			showEnvVarsInLog = 0;
		};
/* End PBXShellScriptBuildPhase section */

/* Begin PBXSourcesBuildPhase section */
		B9AD314F2B90CDCE006DE87D /* Sources */ = {
			isa = PBXSourcesBuildPhase;
			buildActionMask = 2147483647;
			files = (
				B9AD31582B90CDCE006DE87D /* ModuleA.docc in Sources */,
				B9AD31722B90D949006DE87D /* ModuleA.swift in Sources */,
			);
			runOnlyForDeploymentPostprocessing = 0;
		};
		B9AD31592B90CDCE006DE87D /* Sources */ = {
			isa = PBXSourcesBuildPhase;
			buildActionMask = 2147483647;
			files = (
				B9AD31632B90CDCE006DE87D /* ModuleATests.swift in Sources */,
			);
			runOnlyForDeploymentPostprocessing = 0;
		};
/* End PBXSourcesBuildPhase section */

/* Begin PBXTargetDependency section */
		B9AD31602B90CDCE006DE87D /* PBXTargetDependency */ = {
			isa = PBXTargetDependency;
			target = B9AD31522B90CDCE006DE87D /* ModuleA */;
			targetProxy = B9AD315F2B90CDCE006DE87D /* PBXContainerItemProxy */;
		};
/* End PBXTargetDependency section */

/* Begin XCBuildConfiguration section */
		B9AD31652B90CDCE006DE87D /* Debug */ = {
			isa = XCBuildConfiguration;
			buildSettings = {
				ALWAYS_SEARCH_USER_PATHS = NO;
				ASSETCATALOG_COMPILER_GENERATE_SWIFT_ASSET_SYMBOL_EXTENSIONS = YES;
				CLANG_ANALYZER_NONNULL = YES;
				CLANG_ANALYZER_NUMBER_OBJECT_CONVERSION = YES_AGGRESSIVE;
				CLANG_CXX_LANGUAGE_STANDARD = "gnu++20";
				CLANG_ENABLE_MODULES = YES;
				CLANG_ENABLE_OBJC_ARC = YES;
				CLANG_ENABLE_OBJC_WEAK = YES;
				CLANG_WARN_BLOCK_CAPTURE_AUTORELEASING = YES;
				CLANG_WARN_BOOL_CONVERSION = YES;
				CLANG_WARN_COMMA = YES;
				CLANG_WARN_CONSTANT_CONVERSION = YES;
				CLANG_WARN_DEPRECATED_OBJC_IMPLEMENTATIONS = YES;
				CLANG_WARN_DIRECT_OBJC_ISA_USAGE = YES_ERROR;
				CLANG_WARN_DOCUMENTATION_COMMENTS = YES;
				CLANG_WARN_EMPTY_BODY = YES;
				CLANG_WARN_ENUM_CONVERSION = YES;
				CLANG_WARN_INFINITE_RECURSION = YES;
				CLANG_WARN_INT_CONVERSION = YES;
				CLANG_WARN_NON_LITERAL_NULL_CONVERSION = YES;
				CLANG_WARN_OBJC_IMPLICIT_RETAIN_SELF = YES;
				CLANG_WARN_OBJC_LITERAL_CONVERSION = YES;
				CLANG_WARN_OBJC_ROOT_CLASS = YES_ERROR;
				CLANG_WARN_QUOTED_INCLUDE_IN_FRAMEWORK_HEADER = YES;
				CLANG_WARN_RANGE_LOOP_ANALYSIS = YES;
				CLANG_WARN_STRICT_PROTOTYPES = YES;
				CLANG_WARN_SUSPICIOUS_MOVE = YES;
				CLANG_WARN_UNGUARDED_AVAILABILITY = YES_AGGRESSIVE;
				CLANG_WARN_UNREACHABLE_CODE = YES;
				CLANG_WARN__DUPLICATE_METHOD_MATCH = YES;
				COPY_PHASE_STRIP = NO;
				CURRENT_PROJECT_VERSION = 1;
				DEBUG_INFORMATION_FORMAT = dwarf;
				ENABLE_STRICT_OBJC_MSGSEND = YES;
				ENABLE_TESTABILITY = YES;
				ENABLE_USER_SCRIPT_SANDBOXING = YES;
				GCC_C_LANGUAGE_STANDARD = gnu17;
				GCC_DYNAMIC_NO_PIC = NO;
				GCC_NO_COMMON_BLOCKS = YES;
				GCC_OPTIMIZATION_LEVEL = 0;
				GCC_PREPROCESSOR_DEFINITIONS = (
					"DEBUG=1",
					"$(inherited)",
				);
				GCC_WARN_64_TO_32_BIT_CONVERSION = YES;
				GCC_WARN_ABOUT_RETURN_TYPE = YES_ERROR;
				GCC_WARN_UNDECLARED_SELECTOR = YES;
				GCC_WARN_UNINITIALIZED_AUTOS = YES_AGGRESSIVE;
				GCC_WARN_UNUSED_FUNCTION = YES;
				GCC_WARN_UNUSED_VARIABLE = YES;
				IPHONEOS_DEPLOYMENT_TARGET = 17.2;
				LOCALIZATION_PREFERS_STRING_CATALOGS = YES;
				MTL_ENABLE_DEBUG_INFO = INCLUDE_SOURCE;
				MTL_FAST_MATH = YES;
				ONLY_ACTIVE_ARCH = YES;
				SDKROOT = iphoneos;
				SWIFT_ACTIVE_COMPILATION_CONDITIONS = "DEBUG $(inherited)";
				SWIFT_OPTIMIZATION_LEVEL = "-Onone";
				VERSIONING_SYSTEM = "apple-generic";
				VERSION_INFO_PREFIX = "";
			};
			name = Debug;
		};
		B9AD31662B90CDCE006DE87D /* Release */ = {
			isa = XCBuildConfiguration;
			buildSettings = {
				ALWAYS_SEARCH_USER_PATHS = NO;
				ASSETCATALOG_COMPILER_GENERATE_SWIFT_ASSET_SYMBOL_EXTENSIONS = YES;
				CLANG_ANALYZER_NONNULL = YES;
				CLANG_ANALYZER_NUMBER_OBJECT_CONVERSION = YES_AGGRESSIVE;
				CLANG_CXX_LANGUAGE_STANDARD = "gnu++20";
				CLANG_ENABLE_MODULES = YES;
				CLANG_ENABLE_OBJC_ARC = YES;
				CLANG_ENABLE_OBJC_WEAK = YES;
				CLANG_WARN_BLOCK_CAPTURE_AUTORELEASING = YES;
				CLANG_WARN_BOOL_CONVERSION = YES;
				CLANG_WARN_COMMA = YES;
				CLANG_WARN_CONSTANT_CONVERSION = YES;
				CLANG_WARN_DEPRECATED_OBJC_IMPLEMENTATIONS = YES;
				CLANG_WARN_DIRECT_OBJC_ISA_USAGE = YES_ERROR;
				CLANG_WARN_DOCUMENTATION_COMMENTS = YES;
				CLANG_WARN_EMPTY_BODY = YES;
				CLANG_WARN_ENUM_CONVERSION = YES;
				CLANG_WARN_INFINITE_RECURSION = YES;
				CLANG_WARN_INT_CONVERSION = YES;
				CLANG_WARN_NON_LITERAL_NULL_CONVERSION = YES;
				CLANG_WARN_OBJC_IMPLICIT_RETAIN_SELF = YES;
				CLANG_WARN_OBJC_LITERAL_CONVERSION = YES;
				CLANG_WARN_OBJC_ROOT_CLASS = YES_ERROR;
				CLANG_WARN_QUOTED_INCLUDE_IN_FRAMEWORK_HEADER = YES;
				CLANG_WARN_RANGE_LOOP_ANALYSIS = YES;
				CLANG_WARN_STRICT_PROTOTYPES = YES;
				CLANG_WARN_SUSPICIOUS_MOVE = YES;
				CLANG_WARN_UNGUARDED_AVAILABILITY = YES_AGGRESSIVE;
				CLANG_WARN_UNREACHABLE_CODE = YES;
				CLANG_WARN__DUPLICATE_METHOD_MATCH = YES;
				COPY_PHASE_STRIP = NO;
				CURRENT_PROJECT_VERSION = 1;
				DEBUG_INFORMATION_FORMAT = "dwarf-with-dsym";
				ENABLE_NS_ASSERTIONS = NO;
				ENABLE_STRICT_OBJC_MSGSEND = YES;
				ENABLE_USER_SCRIPT_SANDBOXING = YES;
				GCC_C_LANGUAGE_STANDARD = gnu17;
				GCC_NO_COMMON_BLOCKS = YES;
				GCC_WARN_64_TO_32_BIT_CONVERSION = YES;
				GCC_WARN_ABOUT_RETURN_TYPE = YES_ERROR;
				GCC_WARN_UNDECLARED_SELECTOR = YES;
				GCC_WARN_UNINITIALIZED_AUTOS = YES_AGGRESSIVE;
				GCC_WARN_UNUSED_FUNCTION = YES;
				GCC_WARN_UNUSED_VARIABLE = YES;
				IPHONEOS_DEPLOYMENT_TARGET = 17.2;
				LOCALIZATION_PREFERS_STRING_CATALOGS = YES;
				MTL_ENABLE_DEBUG_INFO = NO;
				MTL_FAST_MATH = YES;
				SDKROOT = iphoneos;
				SWIFT_COMPILATION_MODE = wholemodule;
				VALIDATE_PRODUCT = YES;
				VERSIONING_SYSTEM = "apple-generic";
				VERSION_INFO_PREFIX = "";
			};
			name = Release;
		};
		B9AD31682B90CDCE006DE87D /* Debug */ = {
			isa = XCBuildConfiguration;
			baseConfigurationReference = D193DF0F3C5BEA35BFC70A00 /* Pods-ModuleA.debug.xcconfig */;
			buildSettings = {
				BUILD_LIBRARY_FOR_DISTRIBUTION = YES;
				CODE_SIGN_STYLE = Manual;
				CURRENT_PROJECT_VERSION = 1;
				DEFINES_MODULE = YES;
				DEVELOPMENT_TEAM = "";
				DYLIB_COMPATIBILITY_VERSION = 1;
				DYLIB_CURRENT_VERSION = 1;
				DYLIB_INSTALL_NAME_BASE = "@rpath";
				ENABLE_MODULE_VERIFIER = YES;
				ENABLE_USER_SCRIPT_SANDBOXING = NO;
				GENERATE_INFOPLIST_FILE = YES;
				INFOPLIST_KEY_NSHumanReadableCopyright = "";
				INSTALL_PATH = "$(LOCAL_LIBRARY_DIR)/Frameworks";
				LD_RUNPATH_SEARCH_PATHS = (
					"$(inherited)",
					"@executable_path/Frameworks",
					"@loader_path/Frameworks",
				);
				MACH_O_TYPE = staticlib;
				MARKETING_VERSION = 1.0;
				MODULE_VERIFIER_SUPPORTED_LANGUAGES = "objective-c objective-c++";
				MODULE_VERIFIER_SUPPORTED_LANGUAGE_STANDARDS = "gnu17 gnu++20";
				PRODUCT_BUNDLE_IDENTIFIER = com.popala.ModuleA;
				PRODUCT_NAME = "$(TARGET_NAME:c99extidentifier)";
				PROVISIONING_PROFILE_SPECIFIER = "";
				SKIP_INSTALL = YES;
				SWIFT_EMIT_LOC_STRINGS = YES;
				SWIFT_VERSION = 5.0;
				TARGETED_DEVICE_FAMILY = "1,2";
			};
			name = Debug;
		};
		B9AD31692B90CDCE006DE87D /* Release */ = {
			isa = XCBuildConfiguration;
			baseConfigurationReference = C8AC4F7412BB7A13B0806685 /* Pods-ModuleA.release.xcconfig */;
			buildSettings = {
				BUILD_LIBRARY_FOR_DISTRIBUTION = YES;
				CODE_SIGN_STYLE = Manual;
				CURRENT_PROJECT_VERSION = 1;
				DEFINES_MODULE = YES;
				DEVELOPMENT_TEAM = "";
				DYLIB_COMPATIBILITY_VERSION = 1;
				DYLIB_CURRENT_VERSION = 1;
				DYLIB_INSTALL_NAME_BASE = "@rpath";
				ENABLE_MODULE_VERIFIER = YES;
				ENABLE_USER_SCRIPT_SANDBOXING = NO;
				GENERATE_INFOPLIST_FILE = YES;
				INFOPLIST_KEY_NSHumanReadableCopyright = "";
				INSTALL_PATH = "$(LOCAL_LIBRARY_DIR)/Frameworks";
				LD_RUNPATH_SEARCH_PATHS = (
					"$(inherited)",
					"@executable_path/Frameworks",
					"@loader_path/Frameworks",
				);
				MACH_O_TYPE = staticlib;
				MARKETING_VERSION = 1.0;
				MODULE_VERIFIER_SUPPORTED_LANGUAGES = "objective-c objective-c++";
				MODULE_VERIFIER_SUPPORTED_LANGUAGE_STANDARDS = "gnu17 gnu++20";
				PRODUCT_BUNDLE_IDENTIFIER = com.popala.ModuleA;
				PRODUCT_NAME = "$(TARGET_NAME:c99extidentifier)";
				PROVISIONING_PROFILE_SPECIFIER = "";
				SKIP_INSTALL = YES;
				SWIFT_EMIT_LOC_STRINGS = YES;
				SWIFT_VERSION = 5.0;
				TARGETED_DEVICE_FAMILY = "1,2";
			};
			name = Release;
		};
		B9AD316B2B90CDCE006DE87D /* Debug */ = {
			isa = XCBuildConfiguration;
			baseConfigurationReference = A9FB146A05B28522F73ED69C /* Pods-ModuleA-ModuleATests.debug.xcconfig */;
			buildSettings = {
				ALWAYS_EMBED_SWIFT_STANDARD_LIBRARIES = YES;
				CODE_SIGN_STYLE = Automatic;
				CURRENT_PROJECT_VERSION = 1;
				DEVELOPMENT_TEAM = 7PZ5QJDFQN;
				GENERATE_INFOPLIST_FILE = YES;
				MARKETING_VERSION = 1.0;
				PRODUCT_BUNDLE_IDENTIFIER = com.popala.ModuleATests;
				PRODUCT_NAME = "$(TARGET_NAME)";
				SWIFT_EMIT_LOC_STRINGS = NO;
				SWIFT_VERSION = 5.0;
				TARGETED_DEVICE_FAMILY = "1,2";
			};
			name = Debug;
		};
		B9AD316C2B90CDCE006DE87D /* Release */ = {
			isa = XCBuildConfiguration;
			baseConfigurationReference = 6E9A64720EF1D4A1035F17AF /* Pods-ModuleA-ModuleATests.release.xcconfig */;
			buildSettings = {
				ALWAYS_EMBED_SWIFT_STANDARD_LIBRARIES = YES;
				CODE_SIGN_STYLE = Automatic;
				CURRENT_PROJECT_VERSION = 1;
				DEVELOPMENT_TEAM = 7PZ5QJDFQN;
				GENERATE_INFOPLIST_FILE = YES;
				MARKETING_VERSION = 1.0;
				PRODUCT_BUNDLE_IDENTIFIER = com.popala.ModuleATests;
				PRODUCT_NAME = "$(TARGET_NAME)";
				SWIFT_EMIT_LOC_STRINGS = NO;
				SWIFT_VERSION = 5.0;
				TARGETED_DEVICE_FAMILY = "1,2";
			};
			name = Release;
		};
/* End XCBuildConfiguration section */

/* Begin XCConfigurationList section */
		B9AD314D2B90CDCE006DE87D /* Build configuration list for PBXProject "ModuleA" */ = {
			isa = XCConfigurationList;
			buildConfigurations = (
				B9AD31652B90CDCE006DE87D /* Debug */,
				B9AD31662B90CDCE006DE87D /* Release */,
			);
			defaultConfigurationIsVisible = 0;
			defaultConfigurationName = Release;
		};
		B9AD31672B90CDCE006DE87D /* Build configuration list for PBXNativeTarget "ModuleA" */ = {
			isa = XCConfigurationList;
			buildConfigurations = (
				B9AD31682B90CDCE006DE87D /* Debug */,
				B9AD31692B90CDCE006DE87D /* Release */,
			);
			defaultConfigurationIsVisible = 0;
			defaultConfigurationName = Release;
		};
		B9AD316A2B90CDCE006DE87D /* Build configuration list for PBXNativeTarget "ModuleATests" */ = {
			isa = XCConfigurationList;
			buildConfigurations = (
				B9AD316B2B90CDCE006DE87D /* Debug */,
				B9AD316C2B90CDCE006DE87D /* Release */,
			);
			defaultConfigurationIsVisible = 0;
			defaultConfigurationName = Release;
		};
/* End XCConfigurationList section */
	};
	rootObject = B9AD314A2B90CDCE006DE87D /* Project object */;
}
